// !$*UTF8*$!
{
	archiveVersion = 1;
	classes = {
	};
	objectVersion = 50;
	objects = {

/* Begin PBXBuildFile section */
		50077629212D77B900F940A0 /* AppDelegate.swift in Sources */ = {isa = PBXBuildFile; fileRef = 50077628212D77B900F940A0 /* AppDelegate.swift */; };
		5007762B212D77B900F940A0 /* ViewController.swift in Sources */ = {isa = PBXBuildFile; fileRef = 5007762A212D77B900F940A0 /* ViewController.swift */; };
		5007762E212D77B900F940A0 /* Main.storyboard in Resources */ = {isa = PBXBuildFile; fileRef = 5007762C212D77B900F940A0 /* Main.storyboard */; };
		50077630212D77BD00F940A0 /* Assets.xcassets in Resources */ = {isa = PBXBuildFile; fileRef = 5007762F212D77BD00F940A0 /* Assets.xcassets */; };
		50077633212D77BD00F940A0 /* LaunchScreen.storyboard in Resources */ = {isa = PBXBuildFile; fileRef = 50077631212D77BD00F940A0 /* LaunchScreen.storyboard */; };
		5007763C212D781500F940A0 /* NetworkManager.swift in Sources */ = {isa = PBXBuildFile; fileRef = 5007763B212D781500F940A0 /* NetworkManager.swift */; };
		5007763F212D784000F940A0 /* Alamofire.framework in Frameworks */ = {isa = PBXBuildFile; fileRef = 5007763E212D784000F940A0 /* Alamofire.framework */; };
		50077642212D785A00F940A0 /* APIResponse.swift in Sources */ = {isa = PBXBuildFile; fileRef = 50077641212D785A00F940A0 /* APIResponse.swift */; };
		50077644212D78BD00F940A0 /* User.swift in Sources */ = {isa = PBXBuildFile; fileRef = 50077643212D78BD00F940A0 /* User.swift */; };
		50B6968F21319FAC007D58BB /* Car.swift in Sources */ = {isa = PBXBuildFile; fileRef = 50B6968E21319FAC007D58BB /* Car.swift */; };
/* End PBXBuildFile section */

/* Begin PBXFileReference section */
		50077625212D77B900F940A0 /* DemoNetworking.app */ = {isa = PBXFileReference; explicitFileType = wrapper.application; includeInIndex = 0; path = DemoNetworking.app; sourceTree = BUILT_PRODUCTS_DIR; };
		50077628212D77B900F940A0 /* AppDelegate.swift */ = {isa = PBXFileReference; lastKnownFileType = sourcecode.swift; path = AppDelegate.swift; sourceTree = "<group>"; };
		5007762A212D77B900F940A0 /* ViewController.swift */ = {isa = PBXFileReference; lastKnownFileType = sourcecode.swift; path = ViewController.swift; sourceTree = "<group>"; };
		5007762D212D77B900F940A0 /* Base */ = {isa = PBXFileReference; lastKnownFileType = file.storyboard; name = Base; path = Base.lproj/Main.storyboard; sourceTree = "<group>"; };
		5007762F212D77BD00F940A0 /* Assets.xcassets */ = {isa = PBXFileReference; lastKnownFileType = folder.assetcatalog; path = Assets.xcassets; sourceTree = "<group>"; };
		50077632212D77BD00F940A0 /* Base */ = {isa = PBXFileReference; lastKnownFileType = file.storyboard; name = Base; path = Base.lproj/LaunchScreen.storyboard; sourceTree = "<group>"; };
		50077634212D77BD00F940A0 /* Info.plist */ = {isa = PBXFileReference; lastKnownFileType = text.plist.xml; path = Info.plist; sourceTree = "<group>"; };
		5007763B212D781500F940A0 /* NetworkManager.swift */ = {isa = PBXFileReference; lastKnownFileType = sourcecode.swift; path = NetworkManager.swift; sourceTree = "<group>"; };
		5007763E212D784000F940A0 /* Alamofire.framework */ = {isa = PBXFileReference; lastKnownFileType = wrapper.framework; path = Alamofire.framework; sourceTree = "<group>"; };
		50077641212D785A00F940A0 /* APIResponse.swift */ = {isa = PBXFileReference; lastKnownFileType = sourcecode.swift; path = APIResponse.swift; sourceTree = "<group>"; };
		50077643212D78BD00F940A0 /* User.swift */ = {isa = PBXFileReference; lastKnownFileType = sourcecode.swift; path = User.swift; sourceTree = "<group>"; };
		50B6968E21319FAC007D58BB /* Car.swift */ = {isa = PBXFileReference; lastKnownFileType = sourcecode.swift; path = Car.swift; sourceTree = "<group>"; };
/* End PBXFileReference section */

/* Begin PBXFrameworksBuildPhase section */
		50077622212D77B900F940A0 /* Frameworks */ = {
			isa = PBXFrameworksBuildPhase;
			buildActionMask = 2147483647;
			files = (
				5007763F212D784000F940A0 /* Alamofire.framework in Frameworks */,
			);
			runOnlyForDeploymentPostprocessing = 0;
		};
/* End PBXFrameworksBuildPhase section */

/* Begin PBXGroup section */
		5007761C212D77B900F940A0 = {
			isa = PBXGroup;
			children = (
				50077627212D77B900F940A0 /* DemoNetworking */,
				50077626212D77B900F940A0 /* Products */,
				5007763D212D784000F940A0 /* Frameworks */,
			);
			sourceTree = "<group>";
		};
		50077626212D77B900F940A0 /* Products */ = {
			isa = PBXGroup;
			children = (
				50077625212D77B900F940A0 /* DemoNetworking.app */,
			);
			name = Products;
			sourceTree = "<group>";
		};
		50077627212D77B900F940A0 /* DemoNetworking */ = {
			isa = PBXGroup;
			children = (
				50077640212D785000F940A0 /* Models */,
				5007763B212D781500F940A0 /* NetworkManager.swift */,
				5007762A212D77B900F940A0 /* ViewController.swift */,
				5007762C212D77B900F940A0 /* Main.storyboard */,
				5007762F212D77BD00F940A0 /* Assets.xcassets */,
				50077631212D77BD00F940A0 /* LaunchScreen.storyboard */,
				50077634212D77BD00F940A0 /* Info.plist */,
				50077628212D77B900F940A0 /* AppDelegate.swift */,
			);
			path = DemoNetworking;
			sourceTree = "<group>";
		};
		5007763D212D784000F940A0 /* Frameworks */ = {
			isa = PBXGroup;
			children = (
				5007763E212D784000F940A0 /* Alamofire.framework */,
			);
			name = Frameworks;
			sourceTree = "<group>";
		};
		50077640212D785000F940A0 /* Models */ = {
			isa = PBXGroup;
			children = (
				50077641212D785A00F940A0 /* APIResponse.swift */,
				50077643212D78BD00F940A0 /* User.swift */,
				50B6968E21319FAC007D58BB /* Car.swift */,
			);
			path = Models;
			sourceTree = "<group>";
		};
/* End PBXGroup section */

/* Begin PBXNativeTarget section */
		50077624212D77B900F940A0 /* DemoNetworking */ = {
			isa = PBXNativeTarget;
			buildConfigurationList = 50077637212D77BD00F940A0 /* Build configuration list for PBXNativeTarget "DemoNetworking" */;
			buildPhases = (
				50077621212D77B900F940A0 /* Sources */,
				50077622212D77B900F940A0 /* Frameworks */,
				50077623212D77B900F940A0 /* Resources */,
				5007763A212D77F600F940A0 /* ShellScript */,
			);
			buildRules = (
			);
			dependencies = (
			);
			name = DemoNetworking;
			productName = DemoNetworking;
			productReference = 50077625212D77B900F940A0 /* DemoNetworking.app */;
			productType = "com.apple.product-type.application";
		};
/* End PBXNativeTarget section */

/* Begin PBXProject section */
		5007761D212D77B900F940A0 /* Project object */ = {
			isa = PBXProject;
			attributes = {
				LastSwiftUpdateCheck = 0940;
				LastUpgradeCheck = 0940;
				ORGANIZATIONNAME = "Sameh sayed";
				TargetAttributes = {
					50077624212D77B900F940A0 = {
						CreatedOnToolsVersion = 9.4.1;
					};
				};
			};
			buildConfigurationList = 50077620212D77B900F940A0 /* Build configuration list for PBXProject "DemoNetworking" */;
			compatibilityVersion = "Xcode 9.3";
			developmentRegion = en;
			hasScannedForEncodings = 0;
			knownRegions = (
				en,
				Base,
			);
			mainGroup = 5007761C212D77B900F940A0;
			productRefGroup = 50077626212D77B900F940A0 /* Products */;
			projectDirPath = "";
			projectRoot = "";
			targets = (
				50077624212D77B900F940A0 /* DemoNetworking */,
			);
		};
/* End PBXProject section */

/* Begin PBXResourcesBuildPhase section */
		50077623212D77B900F940A0 /* Resources */ = {
			isa = PBXResourcesBuildPhase;
			buildActionMask = 2147483647;
			files = (
				50077633212D77BD00F940A0 /* LaunchScreen.storyboard in Resources */,
				50077630212D77BD00F940A0 /* Assets.xcassets in Resources */,
				5007762E212D77B900F940A0 /* Main.storyboard in Resources */,
			);
			runOnlyForDeploymentPostprocessing = 0;
		};
/* End PBXResourcesBuildPhase section */

/* Begin PBXShellScriptBuildPhase section */
		5007763A212D77F600F940A0 /* ShellScript */ = {
			isa = PBXShellScriptBuildPhase;
			buildActionMask = 2147483647;
			files = (
			);
			inputPaths = (
				"$(SRCROOT)/Alamofire.framework",
			);
			outputPaths = (
			);
			runOnlyForDeploymentPostprocessing = 0;
			shellPath = /bin/sh;
			shellScript = "carthage copy-frameworks";
		};
/* End PBXShellScriptBuildPhase section */

/* Begin PBXSourcesBuildPhase section */
		50077621212D77B900F940A0 /* Sources */ = {
			isa = PBXSourcesBuildPhase;
			buildActionMask = 2147483647;
			files = (
				5007763C212D781500F940A0 /* NetworkManager.swift in Sources */,
				50077642212D785A00F940A0 /* APIResponse.swift in Sources */,
				5007762B212D77B900F940A0 /* ViewController.swift in Sources */,
				50B6968F21319FAC007D58BB /* Car.swift in Sources */,
				50077644212D78BD00F940A0 /* User.swift in Sources */,
				50077629212D77B900F940A0 /* AppDelegate.swift in Sources */,
			);
			runOnlyForDeploymentPostprocessing = 0;
		};
/* End PBXSourcesBuildPhase section */

/* Begin PBXVariantGroup section */
		5007762C212D77B900F940A0 /* Main.storyboard */ = {
			isa = PBXVariantGroup;
			children = (
				5007762D212D77B900F940A0 /* Base */,
			);
			name = Main.storyboard;
			sourceTree = "<group>";
		};
		50077631212D77BD00F940A0 /* LaunchScreen.storyboard */ = {
			isa = PBXVariantGroup;
			children = (
				50077632212D77BD00F940A0 /* Base */,
			);
			name = LaunchScreen.storyboard;
			sourceTree = "<group>";
		};
/* End PBXVariantGroup section */

/* Begin XCBuildConfiguration section */
		50077635212D77BD00F940A0 /* Debug */ = {
			isa = XCBuildConfiguration;
			buildSettings = {
				ALWAYS_SEARCH_USER_PATHS = NO;
				CLANG_ANALYZER_NONNULL = YES;
				CLANG_ANALYZER_NUMBER_OBJECT_CONVERSION = YES_AGGRESSIVE;
				CLANG_CXX_LANGUAGE_STANDARD = "gnu++14";
				CLANG_CXX_LIBRARY = "libc++";
				CLANG_ENABLE_MODULES = YES;
				CLANG_ENABLE_OBJC_ARC = YES;
				CLANG_ENABLE_OBJC_WEAK = YES;
				CLANG_WARN_BLOCK_CAPTURE_AUTORELEASING = YES;
				CLANG_WARN_BOOL_CONVERSION = YES;
				CLANG_WARN_COMMA = YES;
				CLANG_WARN_CONSTANT_CONVERSION = YES;
				CLANG_WARN_DEPRECATED_OBJC_IMPLEMENTATIONS = YES;
				CLANG_WARN_DIRECT_OBJC_ISA_USAGE = YES_ERROR;
				CLANG_WARN_DOCUMENTATION_COMMENTS = YES;
				CLANG_WARN_EMPTY_BODY = YES;
				CLANG_WARN_ENUM_CONVERSION = YES;
				CLANG_WARN_INFINITE_RECURSION = YES;
				CLANG_WARN_INT_CONVERSION = YES;
				CLANG_WARN_NON_LITERAL_NULL_CONVERSION = YES;
				CLANG_WARN_OBJC_IMPLICIT_RETAIN_SELF = YES;
				CLANG_WARN_OBJC_LITERAL_CONVERSION = YES;
				CLANG_WARN_OBJC_ROOT_CLASS = YES_ERROR;
				CLANG_WARN_RANGE_LOOP_ANALYSIS = YES;
				CLANG_WARN_STRICT_PROTOTYPES = YES;
				CLANG_WARN_SUSPICIOUS_MOVE = YES;
				CLANG_WARN_UNGUARDED_AVAILABILITY = YES_AGGRESSIVE;
				CLANG_WARN_UNREACHABLE_CODE = YES;
				CLANG_WARN__DUPLICATE_METHOD_MATCH = YES;
				CODE_SIGN_IDENTITY = "iPhone Developer";
				COPY_PHASE_STRIP = NO;
				DEBUG_INFORMATION_FORMAT = dwarf;
				ENABLE_STRICT_OBJC_MSGSEND = YES;
				ENABLE_TESTABILITY = YES;
				GCC_C_LANGUAGE_STANDARD = gnu11;
				GCC_DYNAMIC_NO_PIC = NO;
				GCC_NO_COMMON_BLOCKS = YES;
				GCC_OPTIMIZATION_LEVEL = 0;
				GCC_PREPROCESSOR_DEFINITIONS = (
					"DEBUG=1",
					"$(inherited)",
				);
				GCC_WARN_64_TO_32_BIT_CONVERSION = YES;
				GCC_WARN_ABOUT_RETURN_TYPE = YES_ERROR;
				GCC_WARN_UNDECLARED_SELECTOR = YES;
				GCC_WARN_UNINITIALIZED_AUTOS = YES_AGGRESSIVE;
				GCC_WARN_UNUSED_FUNCTION = YES;
				GCC_WARN_UNUSED_VARIABLE = YES;
				IPHONEOS_DEPLOYMENT_TARGET = 11.4;
				MTL_ENABLE_DEBUG_INFO = YES;
				ONLY_ACTIVE_ARCH = YES;
				SDKROOT = iphoneos;
				SWIFT_ACTIVE_COMPILATION_CONDITIONS = DEBUG;
				SWIFT_OPTIMIZATION_LEVEL = "-Onone";
			};
			name = Debug;
		};
		50077636212D77BD00F940A0 /* Release */ = {
			isa = XCBuildConfiguration;
			buildSettings = {
				ALWAYS_SEARCH_USER_PATHS = NO;
				CLANG_ANALYZER_NONNULL = YES;
				CLANG_ANALYZER_NUMBER_OBJECT_CONVERSION = YES_AGGRESSIVE;
				CLANG_CXX_LANGUAGE_STANDARD = "gnu++14";
				CLANG_CXX_LIBRARY = "libc++";
				CLANG_ENABLE_MODULES = YES;
				CLANG_ENABLE_OBJC_ARC = YES;
				CLANG_ENABLE_OBJC_WEAK = YES;
				CLANG_WARN_BLOCK_CAPTURE_AUTORELEASING = YES;
				CLANG_WARN_BOOL_CONVERSION = YES;
				CLANG_WARN_COMMA = YES;
				CLANG_WARN_CONSTANT_CONVERSION = YES;
				CLANG_WARN_DEPRECATED_OBJC_IMPLEMENTATIONS = YES;
				CLANG_WARN_DIRECT_OBJC_ISA_USAGE = YES_ERROR;
				CLANG_WARN_DOCUMENTATION_COMMENTS = YES;
				CLANG_WARN_EMPTY_BODY = YES;
				CLANG_WARN_ENUM_CONVERSION = YES;
				CLANG_WARN_INFINITE_RECURSION = YES;
				CLANG_WARN_INT_CONVERSION = YES;
				CLANG_WARN_NON_LITERAL_NULL_CONVERSION = YES;
				CLANG_WARN_OBJC_IMPLICIT_RETAIN_SELF = YES;
				CLANG_WARN_OBJC_LITERAL_CONVERSION = YES;
				CLANG_WARN_OBJC_ROOT_CLASS = YES_ERROR;
				CLANG_WARN_RANGE_LOOP_ANALYSIS = YES;
				CLANG_WARN_STRICT_PROTOTYPES = YES;
				CLANG_WARN_SUSPICIOUS_MOVE = YES;
				CLANG_WARN_UNGUARDED_AVAILABILITY = YES_AGGRESSIVE;
				CLANG_WARN_UNREACHABLE_CODE = YES;
				CLANG_WARN__DUPLICATE_METHOD_MATCH = YES;
				CODE_SIGN_IDENTITY = "iPhone Developer";
				COPY_PHASE_STRIP = NO;
				DEBUG_INFORMATION_FORMAT = "dwarf-with-dsym";
				ENABLE_NS_ASSERTIONS = NO;
				ENABLE_STRICT_OBJC_MSGSEND = YES;
				GCC_C_LANGUAGE_STANDARD = gnu11;
				GCC_NO_COMMON_BLOCKS = YES;
				GCC_WARN_64_TO_32_BIT_CONVERSION = YES;
				GCC_WARN_ABOUT_RETURN_TYPE = YES_ERROR;
				GCC_WARN_UNDECLARED_SELECTOR = YES;
				GCC_WARN_UNINITIALIZED_AUTOS = YES_AGGRESSIVE;
				GCC_WARN_UNUSED_FUNCTION = YES;
				GCC_WARN_UNUSED_VARIABLE = YES;
				IPHONEOS_DEPLOYMENT_TARGET = 11.4;
				MTL_ENABLE_DEBUG_INFO = NO;
				SDKROOT = iphoneos;
				SWIFT_COMPILATION_MODE = wholemodule;
				SWIFT_OPTIMIZATION_LEVEL = "-O";
				VALIDATE_PRODUCT = YES;
			};
			name = Release;
		};
		50077638212D77BD00F940A0 /* Debug */ = {
			isa = XCBuildConfiguration;
			buildSettings = {
				ASSETCATALOG_COMPILER_APPICON_NAME = AppIcon;
				CODE_SIGN_STYLE = Automatic;
				FRAMEWORK_SEARCH_PATHS = (
					"$(inherited)",
					"$(PROJECT_DIR)",
				);
				INFOPLIST_FILE = DemoNetworking/Info.plist;
				LD_RUNPATH_SEARCH_PATHS = (
					"$(inherited)",
					"@executable_path/Frameworks",
				);
				PRODUCT_BUNDLE_IDENTIFIER = Sameh.DemoNetworking;
				PRODUCT_NAME = "$(TARGET_NAME)";
				SWIFT_VERSION = 4.0;
				TARGETED_DEVICE_FAMILY = "1,2";
			};
			name = Debug;
		};
		50077639212D77BD00F940A0 /* Release */ = {
			isa = XCBuildConfiguration;
			buildSettings = {
				ASSETCATALOG_COMPILER_APPICON_NAME = AppIcon;
				CODE_SIGN_STYLE = Automatic;
				FRAMEWORK_SEARCH_PATHS = (
					"$(inherited)",
					"$(PROJECT_DIR)",
				);
				INFOPLIST_FILE = DemoNetworking/Info.plist;
				LD_RUNPATH_SEARCH_PATHS = (
					"$(inherited)",
					"@executable_path/Frameworks",
				);
				PRODUCT_BUNDLE_IDENTIFIER = Sameh.DemoNetworking;
				PRODUCT_NAME = "$(TARGET_NAME)";
				SWIFT_VERSION = 4.0;
				TARGETED_DEVICE_FAMILY = "1,2";
			};
			name = Release;
		};
/* End XCBuildConfiguration section */

/* Begin XCConfigurationList section */
		50077620212D77B900F940A0 /* Build configuration list for PBXProject "DemoNetworking" */ = {
			isa = XCConfigurationList;
			buildConfigurations = (
				50077635212D77BD00F940A0 /* Debug */,
				50077636212D77BD00F940A0 /* Release */,
			);
			defaultConfigurationIsVisible = 0;
			defaultConfigurationName = Release;
		};
		50077637212D77BD00F940A0 /* Build configuration list for PBXNativeTarget "DemoNetworking" */ = {
			isa = XCConfigurationList;
			buildConfigurations = (
				50077638212D77BD00F940A0 /* Debug */,
				50077639212D77BD00F940A0 /* Release */,
			);
			defaultConfigurationIsVisible = 0;
			defaultConfigurationName = Release;
		};
/* End XCConfigurationList section */
	};
	rootObject = 5007761D212D77B900F940A0 /* Project object */;
}
